PODS:
  - Alamofire (5.0.5)
  - RxCocoa (5.1.1):
    - RxRelay (~> 5)
    - RxSwift (~> 5)
  - RxRelay (5.1.1):
    - RxSwift (~> 5)
  - RxSwift (5.1.1)
  - SDWebImage (5.7.2):
    - SDWebImage/Core (= 5.7.2)
  - SDWebImage/Core (5.7.2)
  - SVProgressHUD (2.2.5)

DEPENDENCIES:
  - Alamofire (~> 5.0.0-rc.3)
  - RxCocoa (~> 5)
  - RxSwift (~> 5)
  - SDWebImage
  - SVProgressHUD

SPEC REPOS:
  trunk:
    - Alamofire
    - RxCocoa
    - RxRelay
    - RxSwift
    - SDWebImage
    - SVProgressHUD

SPEC CHECKSUMS:
  Alamofire: df2f8f826963b08b9a870791ad48e07a10090b2e
  RxCocoa: 32065309a38d29b5b0db858819b5bf9ef038b601
  RxRelay: d77f7d771495f43c556cbc43eebd1bb54d01e8e9
  RxSwift: 81470a2074fa8780320ea5fe4102807cb7118178
  SDWebImage: d9ea4959d99c52276dfada481987018fcaea3d58
  SVProgressHUD: 1428aafac632c1f86f62aa4243ec12008d7a51d6

PODFILE CHECKSUM: d40739ab6b8da3779841e27f20f54dfe8bf1231d

COCOAPODS: 1.9.1
